<?xml version="1.0" encoding="utf-8"?>
<Project ToolsVersion="4.0" xmlns="http://schemas.microsoft.com/developer/msbuild/2003">
  <ItemGroup>
    <Filter Include="Исходные файлы">
      <UniqueIdentifier>{4FC737F1-C7A5-4376-A066-2A32D752A2FF}</UniqueIdentifier>
      <Extensions>cpp;c;cc;cxx;c++;cppm;ixx;def;odl;idl;hpj;bat;asm;asmx</Extensions>
    </Filter>
    <Filter Include="Файлы заголовков">
      <UniqueIdentifier>{93995380-89BD-4b04-88EB-625FBE52EBFB}</UniqueIdentifier>
      <Extensions>h;hh;hpp;hxx;h++;hm;inl;inc;ipp;xsd</Extensions>
    </Filter>
    <Filter Include="Файлы ресурсов">
      <UniqueIdentifier>{67DA6AB6-F800-4c08-8B7A-83BB121AAD01}</UniqueIdentifier>
      <Extensions>rc;ico;cur;bmp;dlg;rc2;rct;bin;rgs;gif;jpg;jpeg;jpe;resx;tiff;tif;png;wav;mfcribbon-ms</Extensions>
    </Filter>
    <Filter Include="Файлы заголовков\Struct">
      <UniqueIdentifier>{efed977f-734a-47c8-93f4-4958cf1bfc81}</UniqueIdentifier>
    </Filter>
    <Filter Include="Файлы заголовков\Process">
      <UniqueIdentifier>{4de9dcc3-58e5-45f9-897a-0f320f03192b}</UniqueIdentifier>
    </Filter>
    <Filter Include="Файлы заголовков\util">
      <UniqueIdentifier>{af280457-65d7-4d2f-b658-cc46fd186a91}</UniqueIdentifier>
    </Filter>
  </ItemGroup>
  <ItemGroup>
    <ClCompile Include="crc_help.cpp">
      <Filter>Исходные файлы</Filter>
    </ClCompile>
  </ItemGroup>
  <ItemGroup>
    <ClInclude Include="Struct.h">
      <Filter>Файлы заголовков\Struct</Filter>
    </ClInclude>
    <ClInclude Include="NtApiDef.h">
      <Filter>Файлы заголовков\Struct</Filter>
    </ClInclude>
    <ClInclude Include="lazy_importer.hpp">
      <Filter>Файлы заголовков\util</Filter>
    </ClInclude>
    <ClInclude Include="process_util.h">
      <Filter>Файлы заголовков\Process</Filter>
    </ClInclude>
    <ClInclude Include="crc_util.h">
      <Filter>Файлы заголовков\Process</Filter>
    </ClInclude>
  </ItemGroup>
</Project>